// !$*UTF8*$!
{
	archiveVersion = 1;
	classes = {
	};
	objectVersion = 50;
	objects = {

/* Begin PBXBuildFile section */
		C827A78F22A55C41003EE2E8 /* 2394-dislike.json in Resources */ = {isa = PBXBuildFile; fileRef = C827A78E22A55C41003EE2E8 /* 2394-dislike.json */; };
		C87D668C22A6E7880090F6B3 /* 676-done.json in Resources */ = {isa = PBXBuildFile; fileRef = C87D668B22A6E7880090F6B3 /* 676-done.json */; };
		C8A7861222A571180076DAE1 /* 2393-green-like.json in Resources */ = {isa = PBXBuildFile; fileRef = C8A7861122A571180076DAE1 /* 2393-green-like.json */; };
		C8B41EDB22A962C8005FCAC7 /* SplashVC.swift in Sources */ = {isa = PBXBuildFile; fileRef = C8B41EDA22A962C8005FCAC7 /* SplashVC.swift */; };
		C8D8AA6322A4841200108384 /* AppDelegate.swift in Sources */ = {isa = PBXBuildFile; fileRef = C8D8AA6222A4841200108384 /* AppDelegate.swift */; };
		C8D8AA6522A4841200108384 /* QuestionViewController.swift in Sources */ = {isa = PBXBuildFile; fileRef = C8D8AA6422A4841200108384 /* QuestionViewController.swift */; };
		C8D8AA6822A4841200108384 /* Main.storyboard in Resources */ = {isa = PBXBuildFile; fileRef = C8D8AA6622A4841200108384 /* Main.storyboard */; };
		C8D8AA6A22A4841200108384 /* Assets.xcassets in Resources */ = {isa = PBXBuildFile; fileRef = C8D8AA6922A4841200108384 /* Assets.xcassets */; };
		C8D8AA6D22A4841200108384 /* LaunchScreen.storyboard in Resources */ = {isa = PBXBuildFile; fileRef = C8D8AA6B22A4841200108384 /* LaunchScreen.storyboard */; };
		C8D8AA7822A4841200108384 /* witnessQuizTests.swift in Sources */ = {isa = PBXBuildFile; fileRef = C8D8AA7722A4841200108384 /* witnessQuizTests.swift */; };
		C8D8AA8322A4841200108384 /* witnessQuizUITests.swift in Sources */ = {isa = PBXBuildFile; fileRef = C8D8AA8222A4841200108384 /* witnessQuizUITests.swift */; };
		C8D8AA9522A49B5D00108384 /* Question.swift in Sources */ = {isa = PBXBuildFile; fileRef = C8D8AA9422A49B5D00108384 /* Question.swift */; };
		C8D8AA9722A49D0800108384 /* questionBank.swift in Sources */ = {isa = PBXBuildFile; fileRef = C8D8AA9622A49D0800108384 /* questionBank.swift */; };
		C8D8AA9922A4B24800108384 /* Extension.swift in Sources */ = {isa = PBXBuildFile; fileRef = C8D8AA9822A4B24800108384 /* Extension.swift */; };
		C8F6E2B322A5AB21003A456D /* ResultVC.swift in Sources */ = {isa = PBXBuildFile; fileRef = C8F6E2B222A5AB21003A456D /* ResultVC.swift */; };
		E202F60D55DBC9CAB7423AEE /* Pods_witnessQuiz.framework in Frameworks */ = {isa = PBXBuildFile; fileRef = 7289F518D5F0760E14F7DA31 /* Pods_witnessQuiz.framework */; };
/* End PBXBuildFile section */

/* Begin PBXContainerItemProxy section */
		C8D8AA7422A4841200108384 /* PBXContainerItemProxy */ = {
			isa = PBXContainerItemProxy;
			containerPortal = C8D8AA5722A4841100108384 /* Project object */;
			proxyType = 1;
			remoteGlobalIDString = C8D8AA5E22A4841100108384;
			remoteInfo = witnessQuiz;
		};
		C8D8AA7F22A4841200108384 /* PBXContainerItemProxy */ = {
			isa = PBXContainerItemProxy;
			containerPortal = C8D8AA5722A4841100108384 /* Project object */;
			proxyType = 1;
			remoteGlobalIDString = C8D8AA5E22A4841100108384;
			remoteInfo = witnessQuiz;
		};
/* End PBXContainerItemProxy section */

/* Begin PBXFileReference section */
		2CCDB1DC3E71086FB9D15577 /* Pods-witnessQuiz.debug.xcconfig */ = {isa = PBXFileReference; includeInIndex = 1; lastKnownFileType = text.xcconfig; name = "Pods-witnessQuiz.debug.xcconfig"; path = "Target Support Files/Pods-witnessQuiz/Pods-witnessQuiz.debug.xcconfig"; sourceTree = "<group>"; };
		7289F518D5F0760E14F7DA31 /* Pods_witnessQuiz.framework */ = {isa = PBXFileReference; explicitFileType = wrapper.framework; includeInIndex = 0; path = Pods_witnessQuiz.framework; sourceTree = BUILT_PRODUCTS_DIR; };
		C4E1583089283D3D6F5133C2 /* Pods-witnessQuiz.release.xcconfig */ = {isa = PBXFileReference; includeInIndex = 1; lastKnownFileType = text.xcconfig; name = "Pods-witnessQuiz.release.xcconfig"; path = "Target Support Files/Pods-witnessQuiz/Pods-witnessQuiz.release.xcconfig"; sourceTree = "<group>"; };
		C827A78E22A55C41003EE2E8 /* 2394-dislike.json */ = {isa = PBXFileReference; fileEncoding = 4; lastKnownFileType = text.json; path = "2394-dislike.json"; sourceTree = "<group>"; };
		C87D668B22A6E7880090F6B3 /* 676-done.json */ = {isa = PBXFileReference; fileEncoding = 4; lastKnownFileType = text.json; path = "676-done.json"; sourceTree = "<group>"; };
		C8A7861122A571180076DAE1 /* 2393-green-like.json */ = {isa = PBXFileReference; fileEncoding = 4; lastKnownFileType = text.json; path = "2393-green-like.json"; sourceTree = "<group>"; };
		C8B41EDA22A962C8005FCAC7 /* SplashVC.swift */ = {isa = PBXFileReference; lastKnownFileType = sourcecode.swift; path = SplashVC.swift; sourceTree = "<group>"; };
		C8D8AA5F22A4841100108384 /* witnessQuiz.app */ = {isa = PBXFileReference; explicitFileType = wrapper.application; includeInIndex = 0; path = witnessQuiz.app; sourceTree = BUILT_PRODUCTS_DIR; };
		C8D8AA6222A4841200108384 /* AppDelegate.swift */ = {isa = PBXFileReference; lastKnownFileType = sourcecode.swift; path = AppDelegate.swift; sourceTree = "<group>"; };
		C8D8AA6422A4841200108384 /* QuestionViewController.swift */ = {isa = PBXFileReference; lastKnownFileType = sourcecode.swift; path = QuestionViewController.swift; sourceTree = "<group>"; };
		C8D8AA6722A4841200108384 /* Base */ = {isa = PBXFileReference; lastKnownFileType = file.storyboard; name = Base; path = Base.lproj/Main.storyboard; sourceTree = "<group>"; };
		C8D8AA6922A4841200108384 /* Assets.xcassets */ = {isa = PBXFileReference; lastKnownFileType = folder.assetcatalog; path = Assets.xcassets; sourceTree = "<group>"; };
		C8D8AA6C22A4841200108384 /* Base */ = {isa = PBXFileReference; lastKnownFileType = file.storyboard; name = Base; path = Base.lproj/LaunchScreen.storyboard; sourceTree = "<group>"; };
		C8D8AA6E22A4841200108384 /* Info.plist */ = {isa = PBXFileReference; lastKnownFileType = text.plist.xml; path = Info.plist; sourceTree = "<group>"; };
		C8D8AA7322A4841200108384 /* witnessQuizTests.xctest */ = {isa = PBXFileReference; explicitFileType = wrapper.cfbundle; includeInIndex = 0; path = witnessQuizTests.xctest; sourceTree = BUILT_PRODUCTS_DIR; };
		C8D8AA7722A4841200108384 /* witnessQuizTests.swift */ = {isa = PBXFileReference; lastKnownFileType = sourcecode.swift; path = witnessQuizTests.swift; sourceTree = "<group>"; };
		C8D8AA7922A4841200108384 /* Info.plist */ = {isa = PBXFileReference; lastKnownFileType = text.plist.xml; path = Info.plist; sourceTree = "<group>"; };
		C8D8AA7E22A4841200108384 /* witnessQuizUITests.xctest */ = {isa = PBXFileReference; explicitFileType = wrapper.cfbundle; includeInIndex = 0; path = witnessQuizUITests.xctest; sourceTree = BUILT_PRODUCTS_DIR; };
		C8D8AA8222A4841200108384 /* witnessQuizUITests.swift */ = {isa = PBXFileReference; lastKnownFileType = sourcecode.swift; path = witnessQuizUITests.swift; sourceTree = "<group>"; };
		C8D8AA8422A4841200108384 /* Info.plist */ = {isa = PBXFileReference; lastKnownFileType = text.plist.xml; path = Info.plist; sourceTree = "<group>"; };
		C8D8AA9422A49B5D00108384 /* Question.swift */ = {isa = PBXFileReference; lastKnownFileType = sourcecode.swift; path = Question.swift; sourceTree = "<group>"; };
		C8D8AA9622A49D0800108384 /* questionBank.swift */ = {isa = PBXFileReference; lastKnownFileType = sourcecode.swift; path = questionBank.swift; sourceTree = "<group>"; };
		C8D8AA9822A4B24800108384 /* Extension.swift */ = {isa = PBXFileReference; lastKnownFileType = sourcecode.swift; path = Extension.swift; sourceTree = "<group>"; };
		C8F6E2B222A5AB21003A456D /* ResultVC.swift */ = {isa = PBXFileReference; lastKnownFileType = sourcecode.swift; path = ResultVC.swift; sourceTree = "<group>"; };
/* End PBXFileReference section */

/* Begin PBXFrameworksBuildPhase section */
		C8D8AA5C22A4841100108384 /* Frameworks */ = {
			isa = PBXFrameworksBuildPhase;
			buildActionMask = 2147483647;
			files = (
				E202F60D55DBC9CAB7423AEE /* Pods_witnessQuiz.framework in Frameworks */,
			);
			runOnlyForDeploymentPostprocessing = 0;
		};
		C8D8AA7022A4841200108384 /* Frameworks */ = {
			isa = PBXFrameworksBuildPhase;
			buildActionMask = 2147483647;
			files = (
			);
			runOnlyForDeploymentPostprocessing = 0;
		};
		C8D8AA7B22A4841200108384 /* Frameworks */ = {
			isa = PBXFrameworksBuildPhase;
			buildActionMask = 2147483647;
			files = (
			);
			runOnlyForDeploymentPostprocessing = 0;
		};
/* End PBXFrameworksBuildPhase section */

/* Begin PBXGroup section */
		14E16697D287B05EBE34F727 /* Pods */ = {
			isa = PBXGroup;
			children = (
				2CCDB1DC3E71086FB9D15577 /* Pods-witnessQuiz.debug.xcconfig */,
				C4E1583089283D3D6F5133C2 /* Pods-witnessQuiz.release.xcconfig */,
			);
			path = Pods;
			sourceTree = "<group>";
		};
		21B09843385DF036A9DA3B55 /* Frameworks */ = {
			isa = PBXGroup;
			children = (
				7289F518D5F0760E14F7DA31 /* Pods_witnessQuiz.framework */,
			);
			name = Frameworks;
			sourceTree = "<group>";
		};
		C87D668A22A6E1150090F6B3 /* Project Files */ = {
			isa = PBXGroup;
			children = (
				C8D8AA6222A4841200108384 /* AppDelegate.swift */,
				C8D8AA6E22A4841200108384 /* Info.plist */,
			);
			path = "Project Files";
			sourceTree = "<group>";
		};
		C8D8AA5622A4841100108384 = {
			isa = PBXGroup;
			children = (
				C8D8AA6122A4841100108384 /* witnessQuiz */,
				C8D8AA7622A4841200108384 /* witnessQuizTests */,
				C8D8AA8122A4841200108384 /* witnessQuizUITests */,
				C8D8AA6022A4841100108384 /* Products */,
				14E16697D287B05EBE34F727 /* Pods */,
				21B09843385DF036A9DA3B55 /* Frameworks */,
			);
			sourceTree = "<group>";
		};
		C8D8AA6022A4841100108384 /* Products */ = {
			isa = PBXGroup;
			children = (
				C8D8AA5F22A4841100108384 /* witnessQuiz.app */,
				C8D8AA7322A4841200108384 /* witnessQuizTests.xctest */,
				C8D8AA7E22A4841200108384 /* witnessQuizUITests.xctest */,
			);
			name = Products;
			sourceTree = "<group>";
		};
		C8D8AA6122A4841100108384 /* witnessQuiz */ = {
			isa = PBXGroup;
			children = (
				C87D668A22A6E1150090F6B3 /* Project Files */,
				C8D8AA9A22A4B25E00108384 /* Util */,
				C8D8AA9322A49B4900108384 /* Model */,
				C8D8AA9022A48F2D00108384 /* Controller */,
				C8D8AA9122A48F3400108384 /* View */,
				C8D8AA9222A48F3900108384 /* Support Files */,
			);
			path = witnessQuiz;
			sourceTree = "<group>";
		};
		C8D8AA7622A4841200108384 /* witnessQuizTests */ = {
			isa = PBXGroup;
			children = (
				C8D8AA7722A4841200108384 /* witnessQuizTests.swift */,
				C8D8AA7922A4841200108384 /* Info.plist */,
			);
			path = witnessQuizTests;
			sourceTree = "<group>";
		};
		C8D8AA8122A4841200108384 /* witnessQuizUITests */ = {
			isa = PBXGroup;
			children = (
				C8D8AA8222A4841200108384 /* witnessQuizUITests.swift */,
				C8D8AA8422A4841200108384 /* Info.plist */,
			);
			path = witnessQuizUITests;
			sourceTree = "<group>";
		};
		C8D8AA9022A48F2D00108384 /* Controller */ = {
			isa = PBXGroup;
			children = (
				C8B41EDA22A962C8005FCAC7 /* SplashVC.swift */,
				C8D8AA6422A4841200108384 /* QuestionViewController.swift */,
				C8F6E2B222A5AB21003A456D /* ResultVC.swift */,
			);
			path = Controller;
			sourceTree = "<group>";
		};
		C8D8AA9122A48F3400108384 /* View */ = {
			isa = PBXGroup;
			children = (
				C8D8AA6922A4841200108384 /* Assets.xcassets */,
				C8D8AA6B22A4841200108384 /* LaunchScreen.storyboard */,
				C8D8AA6622A4841200108384 /* Main.storyboard */,
			);
			path = View;
			sourceTree = "<group>";
		};
		C8D8AA9222A48F3900108384 /* Support Files */ = {
			isa = PBXGroup;
			children = (
				C87D668B22A6E7880090F6B3 /* 676-done.json */,
				C827A78E22A55C41003EE2E8 /* 2394-dislike.json */,
				C8A7861122A571180076DAE1 /* 2393-green-like.json */,
			);
			path = "Support Files";
			sourceTree = "<group>";
		};
		C8D8AA9322A49B4900108384 /* Model */ = {
			isa = PBXGroup;
			children = (
				C8D8AA9422A49B5D00108384 /* Question.swift */,
				C8D8AA9622A49D0800108384 /* questionBank.swift */,
			);
			path = Model;
			sourceTree = "<group>";
		};
		C8D8AA9A22A4B25E00108384 /* Util */ = {
			isa = PBXGroup;
			children = (
				C8D8AA9822A4B24800108384 /* Extension.swift */,
			);
			path = Util;
			sourceTree = "<group>";
		};
/* End PBXGroup section */

/* Begin PBXNativeTarget section */
		C8D8AA5E22A4841100108384 /* witnessQuiz */ = {
			isa = PBXNativeTarget;
			buildConfigurationList = C8D8AA8722A4841200108384 /* Build configuration list for PBXNativeTarget "witnessQuiz" */;
			buildPhases = (
				A2497C1F8EA07CF2DD9DED58 /* [CP] Check Pods Manifest.lock */,
				C8D8AA5B22A4841100108384 /* Sources */,
				C8D8AA5C22A4841100108384 /* Frameworks */,
				C8D8AA5D22A4841100108384 /* Resources */,
				EBB7FA0B2E06CBB6FB7A63B9 /* [CP] Embed Pods Frameworks */,
			);
			buildRules = (
			);
			dependencies = (
			);
			name = witnessQuiz;
			productName = witnessQuiz;
			productReference = C8D8AA5F22A4841100108384 /* witnessQuiz.app */;
			productType = "com.apple.product-type.application";
		};
		C8D8AA7222A4841200108384 /* witnessQuizTests */ = {
			isa = PBXNativeTarget;
			buildConfigurationList = C8D8AA8A22A4841200108384 /* Build configuration list for PBXNativeTarget "witnessQuizTests" */;
			buildPhases = (
				C8D8AA6F22A4841200108384 /* Sources */,
				C8D8AA7022A4841200108384 /* Frameworks */,
				C8D8AA7122A4841200108384 /* Resources */,
			);
			buildRules = (
			);
			dependencies = (
				C8D8AA7522A4841200108384 /* PBXTargetDependency */,
			);
			name = witnessQuizTests;
			productName = witnessQuizTests;
			productReference = C8D8AA7322A4841200108384 /* witnessQuizTests.xctest */;
			productType = "com.apple.product-type.bundle.unit-test";
		};
		C8D8AA7D22A4841200108384 /* witnessQuizUITests */ = {
			isa = PBXNativeTarget;
			buildConfigurationList = C8D8AA8D22A4841200108384 /* Build configuration list for PBXNativeTarget "witnessQuizUITests" */;
			buildPhases = (
				C8D8AA7A22A4841200108384 /* Sources */,
				C8D8AA7B22A4841200108384 /* Frameworks */,
				C8D8AA7C22A4841200108384 /* Resources */,
			);
			buildRules = (
			);
			dependencies = (
				C8D8AA8022A4841200108384 /* PBXTargetDependency */,
			);
			name = witnessQuizUITests;
			productName = witnessQuizUITests;
			productReference = C8D8AA7E22A4841200108384 /* witnessQuizUITests.xctest */;
			productType = "com.apple.product-type.bundle.ui-testing";
		};
/* End PBXNativeTarget section */

/* Begin PBXProject section */
		C8D8AA5722A4841100108384 /* Project object */ = {
			isa = PBXProject;
			attributes = {
				LastSwiftUpdateCheck = 1010;
				LastUpgradeCheck = 1010;
				ORGANIZATIONNAME = camelKace;
				TargetAttributes = {
					C8D8AA5E22A4841100108384 = {
						CreatedOnToolsVersion = 10.1;
					};
					C8D8AA7222A4841200108384 = {
						CreatedOnToolsVersion = 10.1;
						TestTargetID = C8D8AA5E22A4841100108384;
					};
					C8D8AA7D22A4841200108384 = {
						CreatedOnToolsVersion = 10.1;
						TestTargetID = C8D8AA5E22A4841100108384;
					};
				};
			};
			buildConfigurationList = C8D8AA5A22A4841100108384 /* Build configuration list for PBXProject "witnessQuiz" */;
			compatibilityVersion = "Xcode 9.3";
			developmentRegion = en;
			hasScannedForEncodings = 0;
			knownRegions = (
				en,
				Base,
			);
			mainGroup = C8D8AA5622A4841100108384;
			productRefGroup = C8D8AA6022A4841100108384 /* Products */;
			projectDirPath = "";
			projectRoot = "";
			targets = (
				C8D8AA5E22A4841100108384 /* witnessQuiz */,
				C8D8AA7222A4841200108384 /* witnessQuizTests */,
				C8D8AA7D22A4841200108384 /* witnessQuizUITests */,
			);
		};
/* End PBXProject section */

/* Begin PBXResourcesBuildPhase section */
		C8D8AA5D22A4841100108384 /* Resources */ = {
			isa = PBXResourcesBuildPhase;
			buildActionMask = 2147483647;
			files = (
				C8D8AA6D22A4841200108384 /* LaunchScreen.storyboard in Resources */,
				C8D8AA6A22A4841200108384 /* Assets.xcassets in Resources */,
				C827A78F22A55C41003EE2E8 /* 2394-dislike.json in Resources */,
				C87D668C22A6E7880090F6B3 /* 676-done.json in Resources */,
				C8D8AA6822A4841200108384 /* Main.storyboard in Resources */,
				C8A7861222A571180076DAE1 /* 2393-green-like.json in Resources */,
			);
			runOnlyForDeploymentPostprocessing = 0;
		};
		C8D8AA7122A4841200108384 /* Resources */ = {
			isa = PBXResourcesBuildPhase;
			buildActionMask = 2147483647;
			files = (
			);
			runOnlyForDeploymentPostprocessing = 0;
		};
		C8D8AA7C22A4841200108384 /* Resources */ = {
			isa = PBXResourcesBuildPhase;
			buildActionMask = 2147483647;
			files = (
			);
			runOnlyForDeploymentPostprocessing = 0;
		};
/* End PBXResourcesBuildPhase section */

/* Begin PBXShellScriptBuildPhase section */
		A2497C1F8EA07CF2DD9DED58 /* [CP] Check Pods Manifest.lock */ = {
			isa = PBXShellScriptBuildPhase;
			buildActionMask = 2147483647;
			files = (
			);
			inputFileListPaths = (
			);
			inputPaths = (
				"${PODS_PODFILE_DIR_PATH}/Podfile.lock",
				"${PODS_ROOT}/Manifest.lock",
			);
			name = "[CP] Check Pods Manifest.lock";
			outputFileListPaths = (
			);
			outputPaths = (
				"$(DERIVED_FILE_DIR)/Pods-witnessQuiz-checkManifestLockResult.txt",
			);
			runOnlyForDeploymentPostprocessing = 0;
			shellPath = /bin/sh;
			shellScript = "diff \"${PODS_PODFILE_DIR_PATH}/Podfile.lock\" \"${PODS_ROOT}/Manifest.lock\" > /dev/null\nif [ $? != 0 ] ; then\n    # print error to STDERR\n    echo \"error: The sandbox is not in sync with the Podfile.lock. Run 'pod install' or update your CocoaPods installation.\" >&2\n    exit 1\nfi\n# This output is used by Xcode 'outputs' to avoid re-running this script phase.\necho \"SUCCESS\" > \"${SCRIPT_OUTPUT_FILE_0}\"\n";
			showEnvVarsInLog = 0;
		};
		EBB7FA0B2E06CBB6FB7A63B9 /* [CP] Embed Pods Frameworks */ = {
			isa = PBXShellScriptBuildPhase;
			buildActionMask = 2147483647;
			files = (
			);
			inputFileListPaths = (
			);
			inputPaths = (
				"${PODS_ROOT}/Target Support Files/Pods-witnessQuiz/Pods-witnessQuiz-frameworks.sh",
				"${BUILT_PRODUCTS_DIR}/lottie-ios/Lottie.framework",
			);
			name = "[CP] Embed Pods Frameworks";
			outputFileListPaths = (
			);
			outputPaths = (
				"${TARGET_BUILD_DIR}/${FRAMEWORKS_FOLDER_PATH}/Lottie.framework",
			);
			runOnlyForDeploymentPostprocessing = 0;
			shellPath = /bin/sh;
			shellScript = "\"${PODS_ROOT}/Target Support Files/Pods-witnessQuiz/Pods-witnessQuiz-frameworks.sh\"\n";
			showEnvVarsInLog = 0;
		};
/* End PBXShellScriptBuildPhase section */

/* Begin PBXSourcesBuildPhase section */
		C8D8AA5B22A4841100108384 /* Sources */ = {
			isa = PBXSourcesBuildPhase;
			buildActionMask = 2147483647;
			files = (
				C8D8AA9522A49B5D00108384 /* Question.swift in Sources */,
				C8F6E2B322A5AB21003A456D /* ResultVC.swift in Sources */,
				C8D8AA9722A49D0800108384 /* questionBank.swift in Sources */,
				C8D8AA9922A4B24800108384 /* Extension.swift in Sources */,
				C8D8AA6522A4841200108384 /* QuestionViewController.swift in Sources */,
				C8D8AA6322A4841200108384 /* AppDelegate.swift in Sources */,
				C8B41EDB22A962C8005FCAC7 /* SplashVC.swift in Sources */,
			);
			runOnlyForDeploymentPostprocessing = 0;
		};
		C8D8AA6F22A4841200108384 /* Sources */ = {
			isa = PBXSourcesBuildPhase;
			buildActionMask = 2147483647;
			files = (
				C8D8AA7822A4841200108384 /* witnessQuizTests.swift in Sources */,
			);
			runOnlyForDeploymentPostprocessing = 0;
		};
		C8D8AA7A22A4841200108384 /* Sources */ = {
			isa = PBXSourcesBuildPhase;
			buildActionMask = 2147483647;
			files = (
				C8D8AA8322A4841200108384 /* witnessQuizUITests.swift in Sources */,
			);
			runOnlyForDeploymentPostprocessing = 0;
		};
/* End PBXSourcesBuildPhase section */

/* Begin PBXTargetDependency section */
		C8D8AA7522A4841200108384 /* PBXTargetDependency */ = {
			isa = PBXTargetDependency;
			target = C8D8AA5E22A4841100108384 /* witnessQuiz */;
			targetProxy = C8D8AA7422A4841200108384 /* PBXContainerItemProxy */;
		};
		C8D8AA8022A4841200108384 /* PBXTargetDependency */ = {
			isa = PBXTargetDependency;
			target = C8D8AA5E22A4841100108384 /* witnessQuiz */;
			targetProxy = C8D8AA7F22A4841200108384 /* PBXContainerItemProxy */;
		};
/* End PBXTargetDependency section */

/* Begin PBXVariantGroup section */
		C8D8AA6622A4841200108384 /* Main.storyboard */ = {
			isa = PBXVariantGroup;
			children = (
				C8D8AA6722A4841200108384 /* Base */,
			);
			name = Main.storyboard;
			sourceTree = "<group>";
		};
		C8D8AA6B22A4841200108384 /* LaunchScreen.storyboard */ = {
			isa = PBXVariantGroup;
			children = (
				C8D8AA6C22A4841200108384 /* Base */,
			);
			name = LaunchScreen.storyboard;
			sourceTree = "<group>";
		};
/* End PBXVariantGroup section */

/* Begin XCBuildConfiguration section */
		C8D8AA8522A4841200108384 /* Debug */ = {
			isa = XCBuildConfiguration;
			buildSettings = {
				ALWAYS_SEARCH_USER_PATHS = NO;
				CLANG_ANALYZER_NONNULL = YES;
				CLANG_ANALYZER_NUMBER_OBJECT_CONVERSION = YES_AGGRESSIVE;
				CLANG_CXX_LANGUAGE_STANDARD = "gnu++14";
				CLANG_CXX_LIBRARY = "libc++";
				CLANG_ENABLE_MODULES = YES;
				CLANG_ENABLE_OBJC_ARC = YES;
				CLANG_ENABLE_OBJC_WEAK = YES;
				CLANG_WARN_BLOCK_CAPTURE_AUTORELEASING = YES;
				CLANG_WARN_BOOL_CONVERSION = YES;
				CLANG_WARN_COMMA = YES;
				CLANG_WARN_CONSTANT_CONVERSION = YES;
				CLANG_WARN_DEPRECATED_OBJC_IMPLEMENTATIONS = YES;
				CLANG_WARN_DIRECT_OBJC_ISA_USAGE = YES_ERROR;
				CLANG_WARN_DOCUMENTATION_COMMENTS = YES;
				CLANG_WARN_EMPTY_BODY = YES;
				CLANG_WARN_ENUM_CONVERSION = YES;
				CLANG_WARN_INFINITE_RECURSION = YES;
				CLANG_WARN_INT_CONVERSION = YES;
				CLANG_WARN_NON_LITERAL_NULL_CONVERSION = YES;
				CLANG_WARN_OBJC_IMPLICIT_RETAIN_SELF = YES;
				CLANG_WARN_OBJC_LITERAL_CONVERSION = YES;
				CLANG_WARN_OBJC_ROOT_CLASS = YES_ERROR;
				CLANG_WARN_RANGE_LOOP_ANALYSIS = YES;
				CLANG_WARN_STRICT_PROTOTYPES = YES;
				CLANG_WARN_SUSPICIOUS_MOVE = YES;
				CLANG_WARN_UNGUARDED_AVAILABILITY = YES_AGGRESSIVE;
				CLANG_WARN_UNREACHABLE_CODE = YES;
				CLANG_WARN__DUPLICATE_METHOD_MATCH = YES;
				CODE_SIGN_IDENTITY = "iPhone Developer";
				COPY_PHASE_STRIP = NO;
				DEBUG_INFORMATION_FORMAT = dwarf;
				ENABLE_STRICT_OBJC_MSGSEND = YES;
				ENABLE_TESTABILITY = YES;
				GCC_C_LANGUAGE_STANDARD = gnu11;
				GCC_DYNAMIC_NO_PIC = NO;
				GCC_NO_COMMON_BLOCKS = YES;
				GCC_OPTIMIZATION_LEVEL = 0;
				GCC_PREPROCESSOR_DEFINITIONS = (
					"DEBUG=1",
					"$(inherited)",
				);
				GCC_WARN_64_TO_32_BIT_CONVERSION = YES;
				GCC_WARN_ABOUT_RETURN_TYPE = YES_ERROR;
				GCC_WARN_UNDECLARED_SELECTOR = YES;
				GCC_WARN_UNINITIALIZED_AUTOS = YES_AGGRESSIVE;
				GCC_WARN_UNUSED_FUNCTION = YES;
				GCC_WARN_UNUSED_VARIABLE = YES;
				IPHONEOS_DEPLOYMENT_TARGET = 12.1;
				MTL_ENABLE_DEBUG_INFO = INCLUDE_SOURCE;
				MTL_FAST_MATH = YES;
				ONLY_ACTIVE_ARCH = YES;
				SDKROOT = iphoneos;
				SWIFT_ACTIVE_COMPILATION_CONDITIONS = DEBUG;
				SWIFT_OPTIMIZATION_LEVEL = "-Onone";
			};
			name = Debug;
		};
		C8D8AA8622A4841200108384 /* Release */ = {
			isa = XCBuildConfiguration;
			buildSettings = {
				ALWAYS_SEARCH_USER_PATHS = NO;
				CLANG_ANALYZER_NONNULL = YES;
				CLANG_ANALYZER_NUMBER_OBJECT_CONVERSION = YES_AGGRESSIVE;
				CLANG_CXX_LANGUAGE_STANDARD = "gnu++14";
				CLANG_CXX_LIBRARY = "libc++";
				CLANG_ENABLE_MODULES = YES;
				CLANG_ENABLE_OBJC_ARC = YES;
				CLANG_ENABLE_OBJC_WEAK = YES;
				CLANG_WARN_BLOCK_CAPTURE_AUTORELEASING = YES;
				CLANG_WARN_BOOL_CONVERSION = YES;
				CLANG_WARN_COMMA = YES;
				CLANG_WARN_CONSTANT_CONVERSION = YES;
				CLANG_WARN_DEPRECATED_OBJC_IMPLEMENTATIONS = YES;
				CLANG_WARN_DIRECT_OBJC_ISA_USAGE = YES_ERROR;
				CLANG_WARN_DOCUMENTATION_COMMENTS = YES;
				CLANG_WARN_EMPTY_BODY = YES;
				CLANG_WARN_ENUM_CONVERSION = YES;
				CLANG_WARN_INFINITE_RECURSION = YES;
				CLANG_WARN_INT_CONVERSION = YES;
				CLANG_WARN_NON_LITERAL_NULL_CONVERSION = YES;
				CLANG_WARN_OBJC_IMPLICIT_RETAIN_SELF = YES;
				CLANG_WARN_OBJC_LITERAL_CONVERSION = YES;
				CLANG_WARN_OBJC_ROOT_CLASS = YES_ERROR;
				CLANG_WARN_RANGE_LOOP_ANALYSIS = YES;
				CLANG_WARN_STRICT_PROTOTYPES = YES;
				CLANG_WARN_SUSPICIOUS_MOVE = YES;
				CLANG_WARN_UNGUARDED_AVAILABILITY = YES_AGGRESSIVE;
				CLANG_WARN_UNREACHABLE_CODE = YES;
				CLANG_WARN__DUPLICATE_METHOD_MATCH = YES;
				CODE_SIGN_IDENTITY = "iPhone Developer";
				COPY_PHASE_STRIP = NO;
				DEBUG_INFORMATION_FORMAT = "dwarf-with-dsym";
				ENABLE_NS_ASSERTIONS = NO;
				ENABLE_STRICT_OBJC_MSGSEND = YES;
				GCC_C_LANGUAGE_STANDARD = gnu11;
				GCC_NO_COMMON_BLOCKS = YES;
				GCC_WARN_64_TO_32_BIT_CONVERSION = YES;
				GCC_WARN_ABOUT_RETURN_TYPE = YES_ERROR;
				GCC_WARN_UNDECLARED_SELECTOR = YES;
				GCC_WARN_UNINITIALIZED_AUTOS = YES_AGGRESSIVE;
				GCC_WARN_UNUSED_FUNCTION = YES;
				GCC_WARN_UNUSED_VARIABLE = YES;
				IPHONEOS_DEPLOYMENT_TARGET = 12.1;
				MTL_ENABLE_DEBUG_INFO = NO;
				MTL_FAST_MATH = YES;
				SDKROOT = iphoneos;
				SWIFT_COMPILATION_MODE = wholemodule;
				SWIFT_OPTIMIZATION_LEVEL = "-O";
				VALIDATE_PRODUCT = YES;
			};
			name = Release;
		};
		C8D8AA8822A4841200108384 /* Debug */ = {
			isa = XCBuildConfiguration;
			baseConfigurationReference = 2CCDB1DC3E71086FB9D15577 /* Pods-witnessQuiz.debug.xcconfig */;
			buildSettings = {
				ASSETCATALOG_COMPILER_APPICON_NAME = AppIcon;
				CODE_SIGN_STYLE = Automatic;
				DEVELOPMENT_TEAM = BD7Q5P2FV9;
				INFOPLIST_FILE = "$(SRCROOT)/witnessQuiz/Project Files/Info.plist";
				IPHONEOS_DEPLOYMENT_TARGET = 12.2;
				LD_RUNPATH_SEARCH_PATHS = (
					"$(inherited)",
					"@executable_path/Frameworks",
				);
				PRODUCT_BUNDLE_IDENTIFIER = com.camelKace.SpirituallyFit;
				PRODUCT_NAME = "$(TARGET_NAME)";
				SWIFT_VERSION = 4.2;
				TARGETED_DEVICE_FAMILY = 1;
			};
			name = Debug;
		};
		C8D8AA8922A4841200108384 /* Release */ = {
			isa = XCBuildConfiguration;
			baseConfigurationReference = C4E1583089283D3D6F5133C2 /* Pods-witnessQuiz.release.xcconfig */;
			buildSettings = {
				ASSETCATALOG_COMPILER_APPICON_NAME = AppIcon;
				CODE_SIGN_STYLE = Automatic;
				DEVELOPMENT_TEAM = BD7Q5P2FV9;
				INFOPLIST_FILE = "$(SRCROOT)/witnessQuiz/Project Files/Info.plist";
				IPHONEOS_DEPLOYMENT_TARGET = 12.2;
				LD_RUNPATH_SEARCH_PATHS = (
					"$(inherited)",
					"@executable_path/Frameworks",
				);
				PRODUCT_BUNDLE_IDENTIFIER = com.camelKace.SpirituallyFit;
				PRODUCT_NAME = "$(TARGET_NAME)";
				SWIFT_VERSION = 4.2;
				TARGETED_DEVICE_FAMILY = 1;
			};
			name = Release;
		};
		C8D8AA8B22A4841200108384 /* Debug */ = {
			isa = XCBuildConfiguration;
			buildSettings = {
				ALWAYS_EMBED_SWIFT_STANDARD_LIBRARIES = YES;
				BUNDLE_LOADER = "$(TEST_HOST)";
				CODE_SIGN_STYLE = Automatic;
				DEVELOPMENT_TEAM = ZZ5XMVW5B3;
				INFOPLIST_FILE = witnessQuizTests/Info.plist;
				LD_RUNPATH_SEARCH_PATHS = (
					"$(inherited)",
					"@executable_path/Frameworks",
					"@loader_path/Frameworks",
				);
				PRODUCT_BUNDLE_IDENTIFIER = com.camelKace.witnessQuizTests;
				PRODUCT_NAME = "$(TARGET_NAME)";
				SWIFT_VERSION = 4.2;
				TARGETED_DEVICE_FAMILY = "1,2";
				TEST_HOST = "$(BUILT_PRODUCTS_DIR)/witnessQuiz.app/witnessQuiz";
			};
			name = Debug;
		};
		C8D8AA8C22A4841200108384 /* Release */ = {
			isa = XCBuildConfiguration;
			buildSettings = {
				ALWAYS_EMBED_SWIFT_STANDARD_LIBRARIES = YES;
				BUNDLE_LOADER = "$(TEST_HOST)";
				CODE_SIGN_STYLE = Automatic;
				DEVELOPMENT_TEAM = ZZ5XMVW5B3;
				INFOPLIST_FILE = witnessQuizTests/Info.plist;
				LD_RUNPATH_SEARCH_PATHS = (
					"$(inherited)",
					"@executable_path/Frameworks",
					"@loader_path/Frameworks",
				);
				PRODUCT_BUNDLE_IDENTIFIER = com.camelKace.witnessQuizTests;
				PRODUCT_NAME = "$(TARGET_NAME)";
				SWIFT_VERSION = 4.2;
				TARGETED_DEVICE_FAMILY = "1,2";
				TEST_HOST = "$(BUILT_PRODUCTS_DIR)/witnessQuiz.app/witnessQuiz";
			};
			name = Release;
		};
		C8D8AA8E22A4841200108384 /* Debug */ = {
			isa = XCBuildConfiguration;
			buildSettings = {
				ALWAYS_EMBED_SWIFT_STANDARD_LIBRARIES = YES;
				CODE_SIGN_STYLE = Automatic;
				DEVELOPMENT_TEAM = ZZ5XMVW5B3;
				INFOPLIST_FILE = witnessQuizUITests/Info.plist;
				LD_RUNPATH_SEARCH_PATHS = (
					"$(inherited)",
					"@executable_path/Frameworks",
					"@loader_path/Frameworks",
				);
				PRODUCT_BUNDLE_IDENTIFIER = com.camelKace.witnessQuizUITests;
				PRODUCT_NAME = "$(TARGET_NAME)";
				SWIFT_VERSION = 4.2;
				TARGETED_DEVICE_FAMILY = "1,2";
				TEST_TARGET_NAME = witnessQuiz;
			};
			name = Debug;
		};
		C8D8AA8F22A4841200108384 /* Release */ = {
			isa = XCBuildConfiguration;
			buildSettings = {
				ALWAYS_EMBED_SWIFT_STANDARD_LIBRARIES = YES;
				CODE_SIGN_STYLE = Automatic;
				DEVELOPMENT_TEAM = ZZ5XMVW5B3;
				INFOPLIST_FILE = witnessQuizUITests/Info.plist;
				LD_RUNPATH_SEARCH_PATHS = (
					"$(inherited)",
					"@executable_path/Frameworks",
					"@loader_path/Frameworks",
				);
				PRODUCT_BUNDLE_IDENTIFIER = com.camelKace.witnessQuizUITests;
				PRODUCT_NAME = "$(TARGET_NAME)";
				SWIFT_VERSION = 4.2;
				TARGETED_DEVICE_FAMILY = "1,2";
				TEST_TARGET_NAME = witnessQuiz;
			};
			name = Release;
		};
/* End XCBuildConfiguration section */

/* Begin XCConfigurationList section */
		C8D8AA5A22A4841100108384 /* Build configuration list for PBXProject "witnessQuiz" */ = {
			isa = XCConfigurationList;
			buildConfigurations = (
				C8D8AA8522A4841200108384 /* Debug */,
				C8D8AA8622A4841200108384 /* Release */,
			);
			defaultConfigurationIsVisible = 0;
			defaultConfigurationName = Release;
		};
		C8D8AA8722A4841200108384 /* Build configuration list for PBXNativeTarget "witnessQuiz" */ = {
			isa = XCConfigurationList;
			buildConfigurations = (
				C8D8AA8822A4841200108384 /* Debug */,
				C8D8AA8922A4841200108384 /* Release */,
			);
			defaultConfigurationIsVisible = 0;
			defaultConfigurationName = Release;
		};
		C8D8AA8A22A4841200108384 /* Build configuration list for PBXNativeTarget "witnessQuizTests" */ = {
			isa = XCConfigurationList;
			buildConfigurations = (
				C8D8AA8B22A4841200108384 /* Debug */,
				C8D8AA8C22A4841200108384 /* Release */,
			);
			defaultConfigurationIsVisible = 0;
			defaultConfigurationName = Release;
		};
		C8D8AA8D22A4841200108384 /* Build configuration list for PBXNativeTarget "witnessQuizUITests" */ = {
			isa = XCConfigurationList;
			buildConfigurations = (
				C8D8AA8E22A4841200108384 /* Debug */,
				C8D8AA8F22A4841200108384 /* Release */,
			);
			defaultConfigurationIsVisible = 0;
			defaultConfigurationName = Release;
		};
/* End XCConfigurationList section */
	};
	rootObject = C8D8AA5722A4841100108384 /* Project object */;
}
